
Microsoft Visual Studio Solution File, Format Version 12.00
# Visual Studio Version 17
VisualStudioVersion = 17.3.32922.545
MinimumVisualStudioVersion = 10.0.40219.1
Project("{9A19103F-16F7-4668-BE54-9A1E7A4F7556}") = "Serdiuk.API", "Serdiuk.BookWiki.API\Serdiuk.API.csproj", "{19B4CEC8-7052-45F2-AD23-09EA0725B1A0}"
EndProject
Project("{9A19103F-16F7-4668-BE54-9A1E7A4F7556}") = "Serdiuk.BookShop.Domain", "Serdiuk.BookWiki.Domain\Serdiuk.BookShop.Domain.csproj", "{8FB18C0A-7D26-4053-8121-F794608B161A}"
EndProject
Project("{9A19103F-16F7-4668-BE54-9A1E7A4F7556}") = "Serdiuk.Services", "Serdiuk.Services\Serdiuk.Services.csproj", "{1E549BF2-1D33-496B-B1A1-1AB863743928}"
EndProject
Project("{9A19103F-16F7-4668-BE54-9A1E7A4F7556}") = "Serdiuk.Persistance", "Serdiuk.Persistance\Serdiuk.Persistance.csproj", "{4EB32482-999D-4C05-93D3-B7CF7766072D}"
EndProject
Project("{FAE04EC0-301F-11D3-BF4B-00C04F79EFBC}") = "Serdiuk.BookWiki.Client", "Serdiuk.BookWiki.Client\Serdiuk.BookWiki.Client.csproj", "{BB88A30D-808C-4F8B-9889-E42464879A05}"
EndProject
Global
	GlobalSection(SolutionConfigurationPlatforms) = preSolution
		Debug|Any CPU = Debug|Any CPU
		Release|Any CPU = Release|Any CPU
	EndGlobalSection
	GlobalSection(ProjectConfigurationPlatforms) = postSolution
		{19B4CEC8-7052-45F2-AD23-09EA0725B1A0}.Debug|Any CPU.ActiveCfg = Debug|Any CPU
		{19B4CEC8-7052-45F2-AD23-09EA0725B1A0}.Debug|Any CPU.Build.0 = Debug|Any CPU
		{19B4CEC8-7052-45F2-AD23-09EA0725B1A0}.Release|Any CPU.ActiveCfg = Release|Any CPU
		{19B4CEC8-7052-45F2-AD23-09EA0725B1A0}.Release|Any CPU.Build.0 = Release|Any CPU
		{8FB18C0A-7D26-4053-8121-F794608B161A}.Debug|Any CPU.ActiveCfg = Debug|Any CPU
		{8FB18C0A-7D26-4053-8121-F794608B161A}.Debug|Any CPU.Build.0 = Debug|Any CPU
		{8FB18C0A-7D26-4053-8121-F794608B161A}.Release|Any CPU.ActiveCfg = Release|Any CPU
		{8FB18C0A-7D26-4053-8121-F794608B161A}.Release|Any CPU.Build.0 = Release|Any CPU
		{1E549BF2-1D33-496B-B1A1-1AB863743928}.Debug|Any CPU.ActiveCfg = Debug|Any CPU
		{1E549BF2-1D33-496B-B1A1-1AB863743928}.Debug|Any CPU.Build.0 = Debug|Any CPU
		{1E549BF2-1D33-496B-B1A1-1AB863743928}.Release|Any CPU.ActiveCfg = Release|Any CPU
		{1E549BF2-1D33-496B-B1A1-1AB863743928}.Release|Any CPU.Build.0 = Release|Any CPU
		{4EB32482-999D-4C05-93D3-B7CF7766072D}.Debug|Any CPU.ActiveCfg = Debug|Any CPU
		{4EB32482-999D-4C05-93D3-B7CF7766072D}.Debug|Any CPU.Build.0 = Debug|Any CPU
		{4EB32482-999D-4C05-93D3-B7CF7766072D}.Release|Any CPU.ActiveCfg = Release|Any CPU
		{4EB32482-999D-4C05-93D3-B7CF7766072D}.Release|Any CPU.Build.0 = Release|Any CPU
		{BB88A30D-808C-4F8B-9889-E42464879A05}.Debug|Any CPU.ActiveCfg = Debug|Any CPU
		{BB88A30D-808C-4F8B-9889-E42464879A05}.Debug|Any CPU.Build.0 = Debug|Any CPU
		{BB88A30D-808C-4F8B-9889-E42464879A05}.Release|Any CPU.ActiveCfg = Release|Any CPU
		{BB88A30D-808C-4F8B-9889-E42464879A05}.Release|Any CPU.Build.0 = Release|Any CPU
	EndGlobalSection
	GlobalSection(SolutionProperties) = preSolution
		HideSolutionNode = FALSE
	EndGlobalSection
	GlobalSection(ExtensibilityGlobals) = postSolution
		SolutionGuid = {EF29872D-0FEA-44F5-8160-3FD1D42D8E1C}
	EndGlobalSection
EndGlobal
